
Microsoft Visual Studio Solution File, Format Version 12.00
# Visual Studio Version 17
VisualStudioVersion = 17.0.31919.166
MinimumVisualStudioVersion = 10.0.40219.1
Project("{FAE04EC0-301F-11D3-BF4B-00C04F79EFBC}") = "LethalCompanyStatTracker", "LethalCompanyStatTracker.csproj", "{8BBE84DE-BC49-4D03-B9AD-1767ED8ECA31}"
EndProject
Global
	GlobalSection(SolutionConfigurationPlatforms) = preSolution
		Debug|Any CPU = Debug|Any CPU
		Release|Any CPU = Release|Any CPU
	EndGlobalSection
	GlobalSection(ProjectConfigurationPlatforms) = postSolution
		{8BBE84DE-BC49-4D03-B9AD-1767ED8ECA31}.Debug|Any CPU.ActiveCfg = Debug|Any CPU
		{8BBE84DE-BC49-4D03-B9AD-1767ED8ECA31}.Debug|Any CPU.Build.0 = Debug|Any CPU
		{8BBE84DE-BC49-4D03-B9AD-1767ED8ECA31}.Release|Any CPU.ActiveCfg = Release|Any CPU
		{8BBE84DE-BC49-4D03-B9AD-1767ED8ECA31}.Release|Any CPU.Build.0 = Release|Any CPU
	EndGlobalSection
	GlobalSection(SolutionProperties) = preSolution
		HideSolutionNode = FALSE
	EndGlobalSection
	GlobalSection(ExtensibilityGlobals) = postSolution
		SolutionGuid = {D78FA2F9-AB1E-4CF5-8111-4A390F18A126}
	EndGlobalSection
EndGlobal
